
Microsoft Visual Studio Solution File, Format Version 11.00
# Visual Studio 2010
Project("{FAE04EC0-301F-11D3-BF4B-00C04F79EFBC}") = "CfALightUp", "CfALightUp\CfALightUp.csproj", "{3EEF00BF-4279-41B1-B52F-78BADA07D0F1}"
EndProject
Project("{FAE04EC0-301F-11D3-BF4B-00C04F79EFBC}") = "CfALightUp.Web", "CfALightUp.Web\CfALightUp.Web.csproj", "{22D8358C-9B87-432B-B30E-112ECDEB6338}"
EndProject
Global
	GlobalSection(SolutionConfigurationPlatforms) = preSolution
		Debug|Any CPU = Debug|Any CPU
		Release|Any CPU = Release|Any CPU
	EndGlobalSection
	GlobalSection(ProjectConfigurationPlatforms) = postSolution
		{3EEF00BF-4279-41B1-B52F-78BADA07D0F1}.Debug|Any CPU.ActiveCfg = Debug|Any CPU
		{3EEF00BF-4279-41B1-B52F-78BADA07D0F1}.Debug|Any CPU.Build.0 = Debug|Any CPU
		{3EEF00BF-4279-41B1-B52F-78BADA07D0F1}.Release|Any CPU.ActiveCfg = Release|Any CPU
		{3EEF00BF-4279-41B1-B52F-78BADA07D0F1}.Release|Any CPU.Build.0 = Release|Any CPU
		{22D8358C-9B87-432B-B30E-112ECDEB6338}.Debug|Any CPU.ActiveCfg = Debug|Any CPU
		{22D8358C-9B87-432B-B30E-112ECDEB6338}.Debug|Any CPU.Build.0 = Debug|Any CPU
		{22D8358C-9B87-432B-B30E-112ECDEB6338}.Release|Any CPU.ActiveCfg = Release|Any CPU
		{22D8358C-9B87-432B-B30E-112ECDEB6338}.Release|Any CPU.Build.0 = Release|Any CPU
	EndGlobalSection
	GlobalSection(SolutionProperties) = preSolution
		HideSolutionNode = FALSE
	EndGlobalSection
EndGlobal
